
Microsoft Visual Studio Solution File, Format Version 12.00
# Visual Studio Version 16
VisualStudioVersion = 16.0.810.21
MinimumVisualStudioVersion = 10.0.40219.1
Project("{FAE04EC0-301F-11D3-BF4B-00C04F79EFBC}") = "BannerTestApp.Android", "BannerTestApp.Android\BannerTestApp.Android.csproj", "{B0523DE3-7B6B-46AA-B83D-E9095368BA69}"
EndProject
Project("{FAE04EC0-301F-11D3-BF4B-00C04F79EFBC}") = "BannerTestApp.iOS", "BannerTestApp.iOS\BannerTestApp.iOS.csproj", "{4F31397C-841B-4457-8837-F4724965A94A}"
EndProject
Project("{FAE04EC0-301F-11D3-BF4B-00C04F79EFBC}") = "BannerTestApp", "BannerTestApp\BannerTestApp.csproj", "{76547FC0-BBFE-4535-8909-2DFB92BF99BF}"
EndProject
Project("{FAE04EC0-301F-11D3-BF4B-00C04F79EFBC}") = "Component.Core.Forms", "..\APPs_Components\Source\Core\Core.Forms\Component.Core.Forms.csproj", "{D5399838-DBF8-4174-8C5B-E89C54E2F3C6}"
EndProject
Global
	GlobalSection(SolutionConfigurationPlatforms) = preSolution
		Debug|Any CPU = Debug|Any CPU
		Release|Any CPU = Release|Any CPU
		Debug|iPhoneSimulator = Debug|iPhoneSimulator
		Release|iPhoneSimulator = Release|iPhoneSimulator
		Debug|iPhone = Debug|iPhone
		Release|iPhone = Release|iPhone
	EndGlobalSection
	GlobalSection(ProjectConfigurationPlatforms) = postSolution
		{B0523DE3-7B6B-46AA-B83D-E9095368BA69}.Debug|Any CPU.ActiveCfg = Debug|Any CPU
		{B0523DE3-7B6B-46AA-B83D-E9095368BA69}.Debug|Any CPU.Build.0 = Debug|Any CPU
		{B0523DE3-7B6B-46AA-B83D-E9095368BA69}.Release|Any CPU.ActiveCfg = Release|Any CPU
		{B0523DE3-7B6B-46AA-B83D-E9095368BA69}.Release|Any CPU.Build.0 = Release|Any CPU
		{B0523DE3-7B6B-46AA-B83D-E9095368BA69}.Debug|iPhoneSimulator.ActiveCfg = Debug|Any CPU
		{B0523DE3-7B6B-46AA-B83D-E9095368BA69}.Debug|iPhoneSimulator.Build.0 = Debug|Any CPU
		{B0523DE3-7B6B-46AA-B83D-E9095368BA69}.Release|iPhoneSimulator.ActiveCfg = Release|Any CPU
		{B0523DE3-7B6B-46AA-B83D-E9095368BA69}.Release|iPhoneSimulator.Build.0 = Release|Any CPU
		{B0523DE3-7B6B-46AA-B83D-E9095368BA69}.Debug|iPhone.ActiveCfg = Debug|Any CPU
		{B0523DE3-7B6B-46AA-B83D-E9095368BA69}.Debug|iPhone.Build.0 = Debug|Any CPU
		{B0523DE3-7B6B-46AA-B83D-E9095368BA69}.Release|iPhone.ActiveCfg = Release|Any CPU
		{B0523DE3-7B6B-46AA-B83D-E9095368BA69}.Release|iPhone.Build.0 = Release|Any CPU
		{4F31397C-841B-4457-8837-F4724965A94A}.Debug|Any CPU.ActiveCfg = Debug|iPhoneSimulator
		{4F31397C-841B-4457-8837-F4724965A94A}.Debug|Any CPU.Build.0 = Debug|iPhoneSimulator
		{4F31397C-841B-4457-8837-F4724965A94A}.Release|Any CPU.ActiveCfg = Release|iPhoneSimulator
		{4F31397C-841B-4457-8837-F4724965A94A}.Release|Any CPU.Build.0 = Release|iPhoneSimulator
		{4F31397C-841B-4457-8837-F4724965A94A}.Debug|iPhoneSimulator.ActiveCfg = Debug|iPhoneSimulator
		{4F31397C-841B-4457-8837-F4724965A94A}.Debug|iPhoneSimulator.Build.0 = Debug|iPhoneSimulator
		{4F31397C-841B-4457-8837-F4724965A94A}.Release|iPhoneSimulator.ActiveCfg = Release|iPhoneSimulator
		{4F31397C-841B-4457-8837-F4724965A94A}.Release|iPhoneSimulator.Build.0 = Release|iPhoneSimulator
		{4F31397C-841B-4457-8837-F4724965A94A}.Debug|iPhone.ActiveCfg = Debug|iPhone
		{4F31397C-841B-4457-8837-F4724965A94A}.Debug|iPhone.Build.0 = Debug|iPhone
		{4F31397C-841B-4457-8837-F4724965A94A}.Release|iPhone.ActiveCfg = Release|iPhone
		{4F31397C-841B-4457-8837-F4724965A94A}.Release|iPhone.Build.0 = Release|iPhone
		{76547FC0-BBFE-4535-8909-2DFB92BF99BF}.Debug|Any CPU.ActiveCfg = Debug|Any CPU
		{76547FC0-BBFE-4535-8909-2DFB92BF99BF}.Debug|Any CPU.Build.0 = Debug|Any CPU
		{76547FC0-BBFE-4535-8909-2DFB92BF99BF}.Release|Any CPU.ActiveCfg = Release|Any CPU
		{76547FC0-BBFE-4535-8909-2DFB92BF99BF}.Release|Any CPU.Build.0 = Release|Any CPU
		{76547FC0-BBFE-4535-8909-2DFB92BF99BF}.Debug|iPhoneSimulator.ActiveCfg = Debug|Any CPU
		{76547FC0-BBFE-4535-8909-2DFB92BF99BF}.Debug|iPhoneSimulator.Build.0 = Debug|Any CPU
		{76547FC0-BBFE-4535-8909-2DFB92BF99BF}.Release|iPhoneSimulator.ActiveCfg = Release|Any CPU
		{76547FC0-BBFE-4535-8909-2DFB92BF99BF}.Release|iPhoneSimulator.Build.0 = Release|Any CPU
		{76547FC0-BBFE-4535-8909-2DFB92BF99BF}.Debug|iPhone.ActiveCfg = Debug|Any CPU
		{76547FC0-BBFE-4535-8909-2DFB92BF99BF}.Debug|iPhone.Build.0 = Debug|Any CPU
		{76547FC0-BBFE-4535-8909-2DFB92BF99BF}.Release|iPhone.ActiveCfg = Release|Any CPU
		{76547FC0-BBFE-4535-8909-2DFB92BF99BF}.Release|iPhone.Build.0 = Release|Any CPU
		{D5399838-DBF8-4174-8C5B-E89C54E2F3C6}.Debug|Any CPU.ActiveCfg = Debug|Any CPU
		{D5399838-DBF8-4174-8C5B-E89C54E2F3C6}.Debug|Any CPU.Build.0 = Debug|Any CPU
		{D5399838-DBF8-4174-8C5B-E89C54E2F3C6}.Release|Any CPU.ActiveCfg = Release|Any CPU
		{D5399838-DBF8-4174-8C5B-E89C54E2F3C6}.Release|Any CPU.Build.0 = Release|Any CPU
		{D5399838-DBF8-4174-8C5B-E89C54E2F3C6}.Debug|iPhoneSimulator.ActiveCfg = Debug|Any CPU
		{D5399838-DBF8-4174-8C5B-E89C54E2F3C6}.Debug|iPhoneSimulator.Build.0 = Debug|Any CPU
		{D5399838-DBF8-4174-8C5B-E89C54E2F3C6}.Release|iPhoneSimulator.ActiveCfg = Release|Any CPU
		{D5399838-DBF8-4174-8C5B-E89C54E2F3C6}.Release|iPhoneSimulator.Build.0 = Release|Any CPU
		{D5399838-DBF8-4174-8C5B-E89C54E2F3C6}.Debug|iPhone.ActiveCfg = Debug|Any CPU
		{D5399838-DBF8-4174-8C5B-E89C54E2F3C6}.Debug|iPhone.Build.0 = Debug|Any CPU
		{D5399838-DBF8-4174-8C5B-E89C54E2F3C6}.Release|iPhone.ActiveCfg = Release|Any CPU
		{D5399838-DBF8-4174-8C5B-E89C54E2F3C6}.Release|iPhone.Build.0 = Release|Any CPU
	EndGlobalSection
	GlobalSection(SolutionProperties) = preSolution
		HideSolutionNode = FALSE
	EndGlobalSection
	GlobalSection(ExtensibilityGlobals) = postSolution
		SolutionGuid = {EFF00AC4-FCBE-48B9-BF8F-72D6FF2ABAC0}
	EndGlobalSection
EndGlobal
